
Microsoft Visual Studio Solution File, Format Version 12.00
# Visual Studio Version 17
VisualStudioVersion = 17.7.34202.233
MinimumVisualStudioVersion = 10.0.40219.1
Project("{FAE04EC0-301F-11D3-BF4B-00C04F79EFBC}") = "ConsoleApp1", "ConsoleApp1\ConsoleApp1.csproj", "{945F1F55-2CC3-490E-9D15-930C45C31C8D}"
EndProject
Global
	GlobalSection(SolutionConfigurationPlatforms) = preSolution
		Debug|Any CPU = Debug|Any CPU
		Release|Any CPU = Release|Any CPU
	EndGlobalSection
	GlobalSection(ProjectConfigurationPlatforms) = postSolution
		{945F1F55-2CC3-490E-9D15-930C45C31C8D}.Debug|Any CPU.ActiveCfg = Debug|Any CPU
		{945F1F55-2CC3-490E-9D15-930C45C31C8D}.Debug|Any CPU.Build.0 = Debug|Any CPU
		{945F1F55-2CC3-490E-9D15-930C45C31C8D}.Release|Any CPU.ActiveCfg = Release|Any CPU
		{945F1F55-2CC3-490E-9D15-930C45C31C8D}.Release|Any CPU.Build.0 = Release|Any CPU
	EndGlobalSection
	GlobalSection(SolutionProperties) = preSolution
		HideSolutionNode = FALSE
	EndGlobalSection
	GlobalSection(ExtensibilityGlobals) = postSolution
		SolutionGuid = {2DAE5ABC-E4C5-4822-ACD5-23C7D712276F}
	EndGlobalSection
EndGlobal
